// !$*UTF8*$!
{
	archiveVersion = 1;
	classes = {
	};
	objectVersion = 50;
	objects = {

/* Begin PBXBuildFile section */
		3B633FF920BE671100BE9DE3 /* AppDelegate.swift in Sources */ = {isa = PBXBuildFile; fileRef = 3B633FF820BE671100BE9DE3 /* AppDelegate.swift */; };
		3B633FFB20BE671100BE9DE3 /* ChecklistViewController.swift in Sources */ = {isa = PBXBuildFile; fileRef = 3B633FFA20BE671100BE9DE3 /* ChecklistViewController.swift */; };
		3B633FFE20BE671100BE9DE3 /* Main.storyboard in Resources */ = {isa = PBXBuildFile; fileRef = 3B633FFC20BE671100BE9DE3 /* Main.storyboard */; };
		3B63400020BE671200BE9DE3 /* Assets.xcassets in Resources */ = {isa = PBXBuildFile; fileRef = 3B633FFF20BE671200BE9DE3 /* Assets.xcassets */; };
		3B63400320BE671200BE9DE3 /* LaunchScreen.storyboard in Resources */ = {isa = PBXBuildFile; fileRef = 3B63400120BE671200BE9DE3 /* LaunchScreen.storyboard */; };
		3B63400B20BE6E3A00BE9DE3 /* ChecklistItem.swift in Sources */ = {isa = PBXBuildFile; fileRef = 3B63400A20BE6E3A00BE9DE3 /* ChecklistItem.swift */; };
/* End PBXBuildFile section */

/* Begin PBXFileReference section */
		3B633FF520BE671100BE9DE3 /* check_list2.app */ = {isa = PBXFileReference; explicitFileType = wrapper.application; includeInIndex = 0; path = check_list2.app; sourceTree = BUILT_PRODUCTS_DIR; };
		3B633FF820BE671100BE9DE3 /* AppDelegate.swift */ = {isa = PBXFileReference; lastKnownFileType = sourcecode.swift; path = AppDelegate.swift; sourceTree = "<group>"; };
		3B633FFA20BE671100BE9DE3 /* ChecklistViewController.swift */ = {isa = PBXFileReference; lastKnownFileType = sourcecode.swift; path = ChecklistViewController.swift; sourceTree = "<group>"; };
		3B633FFD20BE671100BE9DE3 /* Base */ = {isa = PBXFileReference; lastKnownFileType = file.storyboard; name = Base; path = Base.lproj/Main.storyboard; sourceTree = "<group>"; };
		3B633FFF20BE671200BE9DE3 /* Assets.xcassets */ = {isa = PBXFileReference; lastKnownFileType = folder.assetcatalog; path = Assets.xcassets; sourceTree = "<group>"; };
		3B63400220BE671200BE9DE3 /* Base */ = {isa = PBXFileReference; lastKnownFileType = file.storyboard; name = Base; path = Base.lproj/LaunchScreen.storyboard; sourceTree = "<group>"; };
		3B63400420BE671200BE9DE3 /* Info.plist */ = {isa = PBXFileReference; lastKnownFileType = text.plist.xml; path = Info.plist; sourceTree = "<group>"; };
		3B63400A20BE6E3A00BE9DE3 /* ChecklistItem.swift */ = {isa = PBXFileReference; lastKnownFileType = sourcecode.swift; path = ChecklistItem.swift; sourceTree = "<group>"; };
/* End PBXFileReference section */

/* Begin PBXFrameworksBuildPhase section */
		3B633FF220BE671100BE9DE3 /* Frameworks */ = {
			isa = PBXFrameworksBuildPhase;
			buildActionMask = 2147483647;
			files = (
			);
			runOnlyForDeploymentPostprocessing = 0;
		};
/* End PBXFrameworksBuildPhase section */

/* Begin PBXGroup section */
		3B633FEC20BE671100BE9DE3 = {
			isa = PBXGroup;
			children = (
				3B633FF720BE671100BE9DE3 /* check_list2 */,
				3B633FF620BE671100BE9DE3 /* Products */,
			);
			sourceTree = "<group>";
		};
		3B633FF620BE671100BE9DE3 /* Products */ = {
			isa = PBXGroup;
			children = (
				3B633FF520BE671100BE9DE3 /* check_list2.app */,
			);
			name = Products;
			sourceTree = "<group>";
		};
		3B633FF720BE671100BE9DE3 /* check_list2 */ = {
			isa = PBXGroup;
			children = (
				3B633FF820BE671100BE9DE3 /* AppDelegate.swift */,
				3B633FFA20BE671100BE9DE3 /* ChecklistViewController.swift */,
				3B63400A20BE6E3A00BE9DE3 /* ChecklistItem.swift */,
				3B633FFC20BE671100BE9DE3 /* Main.storyboard */,
				3B633FFF20BE671200BE9DE3 /* Assets.xcassets */,
				3B63400120BE671200BE9DE3 /* LaunchScreen.storyboard */,
				3B63400420BE671200BE9DE3 /* Info.plist */,
			);
			path = check_list2;
			sourceTree = "<group>";
		};
/* End PBXGroup section */

/* Begin PBXNativeTarget section */
		3B633FF420BE671100BE9DE3 /* check_list2 */ = {
			isa = PBXNativeTarget;
			buildConfigurationList = 3B63400720BE671200BE9DE3 /* Build configuration list for PBXNativeTarget "check_list2" */;
			buildPhases = (
				3B633FF120BE671100BE9DE3 /* Sources */,
				3B633FF220BE671100BE9DE3 /* Frameworks */,
				3B633FF320BE671100BE9DE3 /* Resources */,
			);
			buildRules = (
			);
			dependencies = (
			);
			name = check_list2;
			productName = check_list2;
			productReference = 3B633FF520BE671100BE9DE3 /* check_list2.app */;
			productType = "com.apple.product-type.application";
		};
/* End PBXNativeTarget section */

/* Begin PBXProject section */
		3B633FED20BE671100BE9DE3 /* Project object */ = {
			isa = PBXProject;
			attributes = {
				LastSwiftUpdateCheck = 0930;
				LastUpgradeCheck = 0930;
				ORGANIZATIONNAME = "Jongseok Jang";
				TargetAttributes = {
					3B633FF420BE671100BE9DE3 = {
						CreatedOnToolsVersion = 9.3.1;
					};
				};
			};
			buildConfigurationList = 3B633FF020BE671100BE9DE3 /* Build configuration list for PBXProject "check_list2" */;
			compatibilityVersion = "Xcode 9.3";
			developmentRegion = en;
			hasScannedForEncodings = 0;
			knownRegions = (
				en,
				Base,
			);
			mainGroup = 3B633FEC20BE671100BE9DE3;
			productRefGroup = 3B633FF620BE671100BE9DE3 /* Products */;
			projectDirPath = "";
			projectRoot = "";
			targets = (
				3B633FF420BE671100BE9DE3 /* check_list2 */,
			);
		};
/* End PBXProject section */

/* Begin PBXResourcesBuildPhase section */
		3B633FF320BE671100BE9DE3 /* Resources */ = {
			isa = PBXResourcesBuildPhase;
			buildActionMask = 2147483647;
			files = (
				3B63400320BE671200BE9DE3 /* LaunchScreen.storyboard in Resources */,
				3B63400020BE671200BE9DE3 /* Assets.xcassets in Resources */,
				3B633FFE20BE671100BE9DE3 /* Main.storyboard in Resources */,
			);
			runOnlyForDeploymentPostprocessing = 0;
		};
/* End PBXResourcesBuildPhase section */

/* Begin PBXSourcesBuildPhase section */
		3B633FF120BE671100BE9DE3 /* Sources */ = {
			isa = PBXSourcesBuildPhase;
			buildActionMask = 2147483647;
			files = (
				3B633FFB20BE671100BE9DE3 /* ChecklistViewController.swift in Sources */,
				3B63400B20BE6E3A00BE9DE3 /* ChecklistItem.swift in Sources */,
				3B633FF920BE671100BE9DE3 /* AppDelegate.swift in Sources */,
			);
			runOnlyForDeploymentPostprocessing = 0;
		};
/* End PBXSourcesBuildPhase section */

/* Begin PBXVariantGroup section */
		3B633FFC20BE671100BE9DE3 /* Main.storyboard */ = {
			isa = PBXVariantGroup;
			children = (
				3B633FFD20BE671100BE9DE3 /* Base */,
			);
			name = Main.storyboard;
			sourceTree = "<group>";
		};
		3B63400120BE671200BE9DE3 /* LaunchScreen.storyboard */ = {
			isa = PBXVariantGroup;
			children = (
				3B63400220BE671200BE9DE3 /* Base */,
			);
			name = LaunchScreen.storyboard;
			sourceTree = "<group>";
		};
/* End PBXVariantGroup section */

/* Begin XCBuildConfiguration section */
		3B63400520BE671200BE9DE3 /* Debug */ = {
			isa = XCBuildConfiguration;
			buildSettings = {
				ALWAYS_SEARCH_USER_PATHS = NO;
				CLANG_ANALYZER_NONNULL = YES;
				CLANG_ANALYZER_NUMBER_OBJECT_CONVERSION = YES_AGGRESSIVE;
				CLANG_CXX_LANGUAGE_STANDARD = "gnu++14";
				CLANG_CXX_LIBRARY = "libc++";
				CLANG_ENABLE_MODULES = YES;
				CLANG_ENABLE_OBJC_ARC = YES;
				CLANG_ENABLE_OBJC_WEAK = YES;
				CLANG_WARN_BLOCK_CAPTURE_AUTORELEASING = YES;
				CLANG_WARN_BOOL_CONVERSION = YES;
				CLANG_WARN_COMMA = YES;
				CLANG_WARN_CONSTANT_CONVERSION = YES;
				CLANG_WARN_DEPRECATED_OBJC_IMPLEMENTATIONS = YES;
				CLANG_WARN_DIRECT_OBJC_ISA_USAGE = YES_ERROR;
				CLANG_WARN_DOCUMENTATION_COMMENTS = YES;
				CLANG_WARN_EMPTY_BODY = YES;
				CLANG_WARN_ENUM_CONVERSION = YES;
				CLANG_WARN_INFINITE_RECURSION = YES;
				CLANG_WARN_INT_CONVERSION = YES;
				CLANG_WARN_NON_LITERAL_NULL_CONVERSION = YES;
				CLANG_WARN_OBJC_IMPLICIT_RETAIN_SELF = YES;
				CLANG_WARN_OBJC_LITERAL_CONVERSION = YES;
				CLANG_WARN_OBJC_ROOT_CLASS = YES_ERROR;
				CLANG_WARN_RANGE_LOOP_ANALYSIS = YES;
				CLANG_WARN_STRICT_PROTOTYPES = YES;
				CLANG_WARN_SUSPICIOUS_MOVE = YES;
				CLANG_WARN_UNGUARDED_AVAILABILITY = YES_AGGRESSIVE;
				CLANG_WARN_UNREACHABLE_CODE = YES;
				CLANG_WARN__DUPLICATE_METHOD_MATCH = YES;
				CODE_SIGN_IDENTITY = "iPhone Developer";
				COPY_PHASE_STRIP = NO;
				DEBUG_INFORMATION_FORMAT = dwarf;
				ENABLE_STRICT_OBJC_MSGSEND = YES;
				ENABLE_TESTABILITY = YES;
				GCC_C_LANGUAGE_STANDARD = gnu11;
				GCC_DYNAMIC_NO_PIC = NO;
				GCC_NO_COMMON_BLOCKS = YES;
				GCC_OPTIMIZATION_LEVEL = 0;
				GCC_PREPROCESSOR_DEFINITIONS = (
					"DEBUG=1",
					"$(inherited)",
				);
				GCC_WARN_64_TO_32_BIT_CONVERSION = YES;
				GCC_WARN_ABOUT_RETURN_TYPE = YES_ERROR;
				GCC_WARN_UNDECLARED_SELECTOR = YES;
				GCC_WARN_UNINITIALIZED_AUTOS = YES_AGGRESSIVE;
				GCC_WARN_UNUSED_FUNCTION = YES;
				GCC_WARN_UNUSED_VARIABLE = YES;
				IPHONEOS_DEPLOYMENT_TARGET = 11.3;
				MTL_ENABLE_DEBUG_INFO = YES;
				ONLY_ACTIVE_ARCH = YES;
				SDKROOT = iphoneos;
				SWIFT_ACTIVE_COMPILATION_CONDITIONS = DEBUG;
				SWIFT_OPTIMIZATION_LEVEL = "-Onone";
			};
			name = Debug;
		};
		3B63400620BE671200BE9DE3 /* Release */ = {
			isa = XCBuildConfiguration;
			buildSettings = {
				ALWAYS_SEARCH_USER_PATHS = NO;
				CLANG_ANALYZER_NONNULL = YES;
				CLANG_ANALYZER_NUMBER_OBJECT_CONVERSION = YES_AGGRESSIVE;
				CLANG_CXX_LANGUAGE_STANDARD = "gnu++14";
				CLANG_CXX_LIBRARY = "libc++";
				CLANG_ENABLE_MODULES = YES;
				CLANG_ENABLE_OBJC_ARC = YES;
				CLANG_ENABLE_OBJC_WEAK = YES;
				CLANG_WARN_BLOCK_CAPTURE_AUTORELEASING = YES;
				CLANG_WARN_BOOL_CONVERSION = YES;
				CLANG_WARN_COMMA = YES;
				CLANG_WARN_CONSTANT_CONVERSION = YES;
				CLANG_WARN_DEPRECATED_OBJC_IMPLEMENTATIONS = YES;
				CLANG_WARN_DIRECT_OBJC_ISA_USAGE = YES_ERROR;
				CLANG_WARN_DOCUMENTATION_COMMENTS = YES;
				CLANG_WARN_EMPTY_BODY = YES;
				CLANG_WARN_ENUM_CONVERSION = YES;
				CLANG_WARN_INFINITE_RECURSION = YES;
				CLANG_WARN_INT_CONVERSION = YES;
				CLANG_WARN_NON_LITERAL_NULL_CONVERSION = YES;
				CLANG_WARN_OBJC_IMPLICIT_RETAIN_SELF = YES;
				CLANG_WARN_OBJC_LITERAL_CONVERSION = YES;
				CLANG_WARN_OBJC_ROOT_CLASS = YES_ERROR;
				CLANG_WARN_RANGE_LOOP_ANALYSIS = YES;
				CLANG_WARN_STRICT_PROTOTYPES = YES;
				CLANG_WARN_SUSPICIOUS_MOVE = YES;
				CLANG_WARN_UNGUARDED_AVAILABILITY = YES_AGGRESSIVE;
				CLANG_WARN_UNREACHABLE_CODE = YES;
				CLANG_WARN__DUPLICATE_METHOD_MATCH = YES;
				CODE_SIGN_IDENTITY = "iPhone Developer";
				COPY_PHASE_STRIP = NO;
				DEBUG_INFORMATION_FORMAT = "dwarf-with-dsym";
				ENABLE_NS_ASSERTIONS = NO;
				ENABLE_STRICT_OBJC_MSGSEND = YES;
				GCC_C_LANGUAGE_STANDARD = gnu11;
				GCC_NO_COMMON_BLOCKS = YES;
				GCC_WARN_64_TO_32_BIT_CONVERSION = YES;
				GCC_WARN_ABOUT_RETURN_TYPE = YES_ERROR;
				GCC_WARN_UNDECLARED_SELECTOR = YES;
				GCC_WARN_UNINITIALIZED_AUTOS = YES_AGGRESSIVE;
				GCC_WARN_UNUSED_FUNCTION = YES;
				GCC_WARN_UNUSED_VARIABLE = YES;
				IPHONEOS_DEPLOYMENT_TARGET = 11.3;
				MTL_ENABLE_DEBUG_INFO = NO;
				SDKROOT = iphoneos;
				SWIFT_COMPILATION_MODE = wholemodule;
				SWIFT_OPTIMIZATION_LEVEL = "-O";
				VALIDATE_PRODUCT = YES;
			};
			name = Release;
		};
		3B63400820BE671200BE9DE3 /* Debug */ = {
			isa = XCBuildConfiguration;
			buildSettings = {
				ASSETCATALOG_COMPILER_APPICON_NAME = AppIcon;
				CODE_SIGN_STYLE = Automatic;
				DEVELOPMENT_TEAM = 3Y3Z2Z567H;
				INFOPLIST_FILE = check_list2/Info.plist;
				LD_RUNPATH_SEARCH_PATHS = (
					"$(inherited)",
					"@executable_path/Frameworks",
				);
				PRODUCT_BUNDLE_IDENTIFIER = "jongseok.check-list2";
				PRODUCT_NAME = "$(TARGET_NAME)";
				SWIFT_VERSION = 4.0;
				TARGETED_DEVICE_FAMILY = "1,2";
			};
			name = Debug;
		};
		3B63400920BE671200BE9DE3 /* Release */ = {
			isa = XCBuildConfiguration;
			buildSettings = {
				ASSETCATALOG_COMPILER_APPICON_NAME = AppIcon;
				CODE_SIGN_STYLE = Automatic;
				DEVELOPMENT_TEAM = 3Y3Z2Z567H;
				INFOPLIST_FILE = check_list2/Info.plist;
				LD_RUNPATH_SEARCH_PATHS = (
					"$(inherited)",
					"@executable_path/Frameworks",
				);
				PRODUCT_BUNDLE_IDENTIFIER = "jongseok.check-list2";
				PRODUCT_NAME = "$(TARGET_NAME)";
				SWIFT_VERSION = 4.0;
				TARGETED_DEVICE_FAMILY = "1,2";
			};
			name = Release;
		};
/* End XCBuildConfiguration section */

/* Begin XCConfigurationList section */
		3B633FF020BE671100BE9DE3 /* Build configuration list for PBXProject "check_list2" */ = {
			isa = XCConfigurationList;
			buildConfigurations = (
				3B63400520BE671200BE9DE3 /* Debug */,
				3B63400620BE671200BE9DE3 /* Release */,
			);
			defaultConfigurationIsVisible = 0;
			defaultConfigurationName = Release;
		};
		3B63400720BE671200BE9DE3 /* Build configuration list for PBXNativeTarget "check_list2" */ = {
			isa = XCConfigurationList;
			buildConfigurations = (
				3B63400820BE671200BE9DE3 /* Debug */,
				3B63400920BE671200BE9DE3 /* Release */,
			);
			defaultConfigurationIsVisible = 0;
			defaultConfigurationName = Release;
		};
/* End XCConfigurationList section */
	};
	rootObject = 3B633FED20BE671100BE9DE3 /* Project object */;
}
